
Microsoft Visual Studio Solution File, Format Version 12.00
# Visual Studio Version 16
VisualStudioVersion = 16.0.31205.134
MinimumVisualStudioVersion = 10.0.40219.1
Project("{8BC9CEB8-8B4A-11D0-8D11-00A0C91BC942}") = "RayCaster", "RayCaster\RayCaster.vcxproj", "{285DCD17-C771-4E27-A66C-8EAD5744421A}"
EndProject
Global
	GlobalSection(SolutionConfigurationPlatforms) = preSolution
		Debug|x64 = Debug|x64
		Debug|x86 = Debug|x86
		Release|x64 = Release|x64
		Release|x86 = Release|x86
	EndGlobalSection
	GlobalSection(ProjectConfigurationPlatforms) = postSolution
		{285DCD17-C771-4E27-A66C-8EAD5744421A}.Debug|x64.ActiveCfg = Debug|x64
		{285DCD17-C771-4E27-A66C-8EAD5744421A}.Debug|x64.Build.0 = Debug|x64
		{285DCD17-C771-4E27-A66C-8EAD5744421A}.Debug|x86.ActiveCfg = Debug|Win32
		{285DCD17-C771-4E27-A66C-8EAD5744421A}.Debug|x86.Build.0 = Debug|Win32
		{285DCD17-C771-4E27-A66C-8EAD5744421A}.Release|x64.ActiveCfg = Release|x64
		{285DCD17-C771-4E27-A66C-8EAD5744421A}.Release|x64.Build.0 = Release|x64
		{285DCD17-C771-4E27-A66C-8EAD5744421A}.Release|x86.ActiveCfg = Release|Win32
		{285DCD17-C771-4E27-A66C-8EAD5744421A}.Release|x86.Build.0 = Release|Win32
	EndGlobalSection
	GlobalSection(SolutionProperties) = preSolution
		HideSolutionNode = FALSE
	EndGlobalSection
	GlobalSection(ExtensibilityGlobals) = postSolution
		SolutionGuid = {222D6972-DFDD-49ED-8175-6E57F8F4C1FA}
	EndGlobalSection
EndGlobal
